{
  "nodes": {
    "nixpkgs": {
      "locked": {
        "lastModified": 1789169217,
        "narHash": "sha256-U1xfg9sxLK7lhGQjFTx7jg0/sDGrZlC3iugIaFTZI8c=",
        "owner": "NixOS",
        "repo": "nixpkgs",
        "rev": "fc33422b659b0dbfe76e70111ecbb433965ef899",
        "type": "github"
      },
      "original": {
        "owner": "NixOS",
        "repo": "nixpkgs",
        "type": "github"
      }
    },
    "root": {
      "inputs": {
        "nixpkgs": "nixpkgs"
      }
    }
  },
  "root": "root",
  "version": 7
}
