{
  "nodes": {
    "nixpkgs": {
      "locked": {
        "lastModified": 1782519564,
        "narHash": "sha256-BlhOwnwaH1e553aHMedX0R1jppH4znaFD3hLQ3jd+9U=",
        "owner": "NixOS",
        "repo": "nixpkgs",
        "rev": "c2e6f0cda3588fa3cac48611a7bc6119f4d6a61d",
        "type": "github"
      },
      "original": {
        "owner": "NixOS",
        "repo": "nixpkgs",
        "type": "github"
      }
    },
    "root": {
      "inputs": {
        "nixpkgs": "nixpkgs"
      }
    }
  },
  "root": "root",
  "version": 7
}
