{
  "nodes": {
    "nixpkgs": {
      "locked": {
        "lastModified": 1774745961,
        "narHash": "sha256-HUJVrsEpXeRxnUoAqLZA8GJWFHE7dgW4xh/kUjeTgFw=",
        "owner": "NixOS",
        "repo": "nixpkgs",
        "rev": "4354a1cb46416add953247cb1b71631026dc62eb",
        "type": "github"
      },
      "original": {
        "owner": "NixOS",
        "repo": "nixpkgs",
        "type": "github"
      }
    },
    "root": {
      "inputs": {
        "nixpkgs": "nixpkgs"
      }
    }
  },
  "root": "root",
  "version": 7
}
